
Microsoft Visual Studio Solution File, Format Version 11.00
# Visual Studio 2010
Project("{FAE04EC0-301F-11D3-BF4B-00C04F79EFBC}") = "UnityEngine.UI", "UnityEngine.UI.csproj", "{395575AF-CD5E-89E2-8B74-341DDAC1FDBE}"
EndProject
Project("{FAE04EC0-301F-11D3-BF4B-00C04F79EFBC}") = "UnityEngine.TestRunner", "UnityEngine.TestRunner.csproj", "{2B26C169-1565-9D67-A3F7-B2DA7C157089}"
EndProject
Project("{FAE04EC0-301F-11D3-BF4B-00C04F79EFBC}") = "Assembly-CSharp", "Assembly-CSharp.csproj", "{11C1DF62-7231-E71B-3015-DB84BC08708B}"
EndProject
Project("{FAE04EC0-301F-11D3-BF4B-00C04F79EFBC}") = "UnityEngine.UI.Tests", "UnityEngine.UI.Tests.csproj", "{AE6D912E-5D75-CFB0-D598-17697DA0569D}"
EndProject
Project("{FAE04EC0-301F-11D3-BF4B-00C04F79EFBC}") = "Unity.Timeline", "Unity.Timeline.csproj", "{B07D4E68-74A5-91E0-1AAE-04B60DCB29DE}"
EndProject
Project("{FAE04EC0-301F-11D3-BF4B-00C04F79EFBC}") = "Unity.Addressables.Tests", "Unity.Addressables.Tests.csproj", "{AADAE886-C5C9-C44C-D825-09D2250E33F5}"
EndProject
Project("{FAE04EC0-301F-11D3-BF4B-00C04F79EFBC}") = "Autodesk.Fbx", "Autodesk.Fbx.csproj", "{BDBC8401-6339-EC3E-2C4E-30B5B6121A5A}"
EndProject
Project("{FAE04EC0-301F-11D3-BF4B-00C04F79EFBC}") = "Unity.TextMeshPro", "Unity.TextMeshPro.csproj", "{E415457E-BDCD-FCF6-A0B2-F11A6A3DEBFE}"
EndProject
Project("{FAE04EC0-301F-11D3-BF4B-00C04F79EFBC}") = "com.unity.multiplayer-hlapi.Tests", "com.unity.multiplayer-hlapi.Tests.csproj", "{F22C07D8-CBCA-8EF3-F4B4-0F941E2DC60E}"
EndProject
Project("{FAE04EC0-301F-11D3-BF4B-00C04F79EFBC}") = "Unity.Postprocessing.Runtime", "Unity.Postprocessing.Runtime.csproj", "{1E23BDBE-9732-974B-E3BB-7155AFB575B2}"
EndProject
Project("{FAE04EC0-301F-11D3-BF4B-00C04F79EFBC}") = "Unity.Addressables", "Unity.Addressables.csproj", "{44715B77-95DA-930C-F467-15387FFF92AF}"
EndProject
Project("{FAE04EC0-301F-11D3-BF4B-00C04F79EFBC}") = "Assembly-CSharp-firstpass", "Assembly-CSharp-firstpass.csproj", "{11E246E5-EC56-E163-B0C6-1728F599E966}"
EndProject
Project("{FAE04EC0-301F-11D3-BF4B-00C04F79EFBC}") = "Unity.ResourceManager", "Unity.ResourceManager.csproj", "{63FEDBF2-13F9-AC4F-97A0-162AE9EAB6AD}"
EndProject
Project("{FAE04EC0-301F-11D3-BF4B-00C04F79EFBC}") = "com.unity.multiplayer-hlapi.Runtime", "com.unity.multiplayer-hlapi.Runtime.csproj", "{83E17663-AA3D-C37D-DB96-CA792656B5CF}"
EndProject
Project("{FAE04EC0-301F-11D3-BF4B-00C04F79EFBC}") = "Unity.ResourceManager.Tests", "Unity.ResourceManager.Tests.csproj", "{F8F0B4F3-81D2-9B11-72A4-B548741F97FC}"
EndProject
Project("{FAE04EC0-301F-11D3-BF4B-00C04F79EFBC}") = "Unity.Postprocessing.Runtime.Tests", "Unity.Postprocessing.Runtime.Tests.csproj", "{8193DF94-0949-1596-FB33-EBCA29AB1445}"
EndProject
Project("{FAE04EC0-301F-11D3-BF4B-00C04F79EFBC}") = "Unity.ScriptableBuildPipeline", "Unity.ScriptableBuildPipeline.csproj", "{E74824DC-64B1-6678-3D2A-072E71ED3F89}"
EndProject
Project("{FAE04EC0-301F-11D3-BF4B-00C04F79EFBC}") = "FbxBuildTestAssets", "FbxBuildTestAssets.csproj", "{945C707C-F065-3A9C-CC53-336E0AAF3064}"
EndProject
Project("{FAE04EC0-301F-11D3-BF4B-00C04F79EFBC}") = "PlayModeTests", "PlayModeTests.csproj", "{BC9C144A-210A-3829-31AB-6DC5A7C074C7}"
EndProject
Project("{FAE04EC0-301F-11D3-BF4B-00C04F79EFBC}") = "Unity.Formats.Fbx.Runtime", "Unity.Formats.Fbx.Runtime.csproj", "{FF33280D-EEC4-3824-7F56-8F03D441DCE4}"
EndProject
Project("{FAE04EC0-301F-11D3-BF4B-00C04F79EFBC}") = "Unity.TextMeshPro.Tests", "Unity.TextMeshPro.Tests.csproj", "{23AA8E4B-6310-59C8-C50D-418EF02C1873}"
EndProject
Project("{FAE04EC0-301F-11D3-BF4B-00C04F79EFBC}") = "Unity.ScriptableBuildPipeline.Editor.Tests", "Unity.ScriptableBuildPipeline.Editor.Tests.csproj", "{6AE30ACC-0129-E6CA-CA3A-06FC91310E80}"
EndProject
Project("{FAE04EC0-301F-11D3-BF4B-00C04F79EFBC}") = "Unity.ScriptableBuildPipeline.Editor", "Unity.ScriptableBuildPipeline.Editor.csproj", "{28EE5857-F71A-8A0B-1EE1-D1E5B63D46F1}"
EndProject
Project("{FAE04EC0-301F-11D3-BF4B-00C04F79EFBC}") = "UnityEditor.TestRunner", "UnityEditor.TestRunner.csproj", "{A77E5A11-D519-585C-A3D1-25AD89ABE59F}"
EndProject
Project("{FAE04EC0-301F-11D3-BF4B-00C04F79EFBC}") = "FbxUnitTests", "FbxUnitTests.csproj", "{6DEBCEE7-8BA3-3CE7-5293-C4AADC864199}"
EndProject
Project("{FAE04EC0-301F-11D3-BF4B-00C04F79EFBC}") = "Unity.Addressables.Editor", "Unity.Addressables.Editor.csproj", "{920C5871-AD62-103D-0F60-DE787CAF4B25}"
EndProject
Project("{FAE04EC0-301F-11D3-BF4B-00C04F79EFBC}") = "UnityEditor.UI", "UnityEditor.UI.csproj", "{7F397387-29A7-301B-2D5F-1D9FE845BA3C}"
EndProject
Project("{FAE04EC0-301F-11D3-BF4B-00C04F79EFBC}") = "Unity.Formats.Fbx.Editor", "Unity.Formats.Fbx.Editor.csproj", "{B4BA02A5-C5E1-A37D-CECD-E6C044EC40B5}"
EndProject
Project("{FAE04EC0-301F-11D3-BF4B-00C04F79EFBC}") = "Unity.Timeline.Editor", "Unity.Timeline.Editor.csproj", "{501F6695-9588-3F83-914C-5C401E88A218}"
EndProject
Project("{FAE04EC0-301F-11D3-BF4B-00C04F79EFBC}") = "Unity.VisualStudio.Editor", "Unity.VisualStudio.Editor.csproj", "{2B8AD1BB-012F-2917-C9BD-32AB255A02B6}"
EndProject
Project("{FAE04EC0-301F-11D3-BF4B-00C04F79EFBC}") = "Unity.Addressables.Editor.Tests", "Unity.Addressables.Editor.Tests.csproj", "{6F01CF30-E973-F79B-93DA-0F8C571ECB40}"
EndProject
Project("{FAE04EC0-301F-11D3-BF4B-00C04F79EFBC}") = "Unity.TextMeshPro.Editor", "Unity.TextMeshPro.Editor.csproj", "{9079AC1A-B8E0-FDFB-2329-7E3751888521}"
EndProject
Project("{FAE04EC0-301F-11D3-BF4B-00C04F79EFBC}") = "DocCodeExamples", "DocCodeExamples.csproj", "{43EF419B-2105-9B4D-84F1-702C4FE5BBDF}"
EndProject
Project("{FAE04EC0-301F-11D3-BF4B-00C04F79EFBC}") = "com.unity.multiplayer-weaver.Editor", "com.unity.multiplayer-weaver.Editor.csproj", "{F13A3021-6729-9880-2B7D-841824B346D5}"
EndProject
Project("{FAE04EC0-301F-11D3-BF4B-00C04F79EFBC}") = "Unity.Postprocessing.Editor", "Unity.Postprocessing.Editor.csproj", "{2D5AA9CF-3F20-C195-26A9-B9BDE3D11195}"
EndProject
Project("{FAE04EC0-301F-11D3-BF4B-00C04F79EFBC}") = "Unity.AssetBundleBrowser.Editor", "Unity.AssetBundleBrowser.Editor.csproj", "{7EDA782F-13FB-F078-23FE-0BF347E5F520}"
EndProject
Project("{FAE04EC0-301F-11D3-BF4B-00C04F79EFBC}") = "UnityEditor.UI.EditorTests", "UnityEditor.UI.EditorTests.csproj", "{5F14727B-6119-D143-6E5F-491BD6115024}"
EndProject
Project("{FAE04EC0-301F-11D3-BF4B-00C04F79EFBC}") = "Unity.Postprocessing.Editor.Tests", "Unity.Postprocessing.Editor.Tests.csproj", "{E415425A-8A83-D6F9-5DE6-530FB23FE608}"
EndProject
Project("{FAE04EC0-301F-11D3-BF4B-00C04F79EFBC}") = "Assembly-CSharp-Editor", "Assembly-CSharp-Editor.csproj", "{73E396E8-77A6-7D05-7941-0CA8845F3217}"
EndProject
Project("{FAE04EC0-301F-11D3-BF4B-00C04F79EFBC}") = "com.unity.multiplayer-hlapi.Editor", "com.unity.multiplayer-hlapi.Editor.csproj", "{0B2628BE-802E-E427-FA83-ED0E9B3C538B}"
EndProject
Project("{FAE04EC0-301F-11D3-BF4B-00C04F79EFBC}") = "FbxBuildTests", "FbxBuildTests.csproj", "{ECBA0BE5-E810-DAAC-D505-27F809D964F9}"
EndProject
Project("{FAE04EC0-301F-11D3-BF4B-00C04F79EFBC}") = "FbxUseCaseTests", "FbxUseCaseTests.csproj", "{03CEF1C8-75AE-57E8-C8AD-2AAA1AB4F9E6}"
EndProject
Project("{FAE04EC0-301F-11D3-BF4B-00C04F79EFBC}") = "Unity.2D.Sprite.Editor", "Unity.2D.Sprite.Editor.csproj", "{BF4423AF-C510-90CA-5680-0118F8DEDB02}"
EndProject
Project("{FAE04EC0-301F-11D3-BF4B-00C04F79EFBC}") = "Unity.2D.Tilemap.Editor", "Unity.2D.Tilemap.Editor.csproj", "{212023ED-1F21-D110-970E-AAD280F1AB5C}"
EndProject
Project("{FAE04EC0-301F-11D3-BF4B-00C04F79EFBC}") = "Unity.VSCode.Editor", "Unity.VSCode.Editor.csproj", "{C3596450-07DA-F8EA-97E5-12B793B7B11C}"
EndProject
Project("{FAE04EC0-301F-11D3-BF4B-00C04F79EFBC}") = "com.unity.multiplayer-hlapi.EditorTests", "com.unity.multiplayer-hlapi.EditorTests.csproj", "{E0D3416D-B49E-BFA0-CA82-0365034DA9D7}"
EndProject
Project("{FAE04EC0-301F-11D3-BF4B-00C04F79EFBC}") = "Assembly-CSharp-Editor-firstpass", "Assembly-CSharp-Editor-firstpass.csproj", "{57620E16-307B-DF26-2F22-CCD33F0F9580}"
EndProject
Project("{FAE04EC0-301F-11D3-BF4B-00C04F79EFBC}") = "UnityEditor.CacheServer", "UnityEditor.CacheServer.csproj", "{E393DDFD-F1CB-0908-4806-72EDB5946DAC}"
EndProject
Project("{FAE04EC0-301F-11D3-BF4B-00C04F79EFBC}") = "UnityEditor.CacheServerTests", "UnityEditor.CacheServerTests.csproj", "{2EF14FB0-6D57-0632-FE97-6AFA14328A78}"
EndProject
Project("{FAE04EC0-301F-11D3-BF4B-00C04F79EFBC}") = "Unity.AssetBundleBrowser.Editor.Tests", "Unity.AssetBundleBrowser.Editor.Tests.csproj", "{BB0E9CEB-E649-3737-7FA1-7330FE2093A8}"
EndProject
Project("{FAE04EC0-301F-11D3-BF4B-00C04F79EFBC}") = "Autodesk.Fbx.Editor", "Autodesk.Fbx.Editor.csproj", "{982E6202-BD4D-8C26-B9D3-9A3DB4E3E974}"
EndProject
Project("{FAE04EC0-301F-11D3-BF4B-00C04F79EFBC}") = "Unity.2D.Tilemap.Package.EditorTests", "Unity.2D.Tilemap.Package.EditorTests.csproj", "{893323C5-9F04-7D36-DEC3-A13EA339DE4B}"
EndProject
Project("{FAE04EC0-301F-11D3-BF4B-00C04F79EFBC}") = "Unity.2D.Sprite.Package.EditorTests", "Unity.2D.Sprite.Package.EditorTests.csproj", "{63A3EA55-5CF2-CD8A-55C6-B179FA916A76}"
EndProject
Project("{FAE04EC0-301F-11D3-BF4B-00C04F79EFBC}") = "Unity.TextMeshPro.Editor.Tests", "Unity.TextMeshPro.Editor.Tests.csproj", "{866E8923-F171-7B69-C1E6-158549A8F621}"
EndProject
Global
	GlobalSection(SolutionConfigurationPlatforms) = preSolution
		Debug|Any CPU = Debug|Any CPU
		Release|Any CPU = Release|Any CPU
	EndGlobalSection
	GlobalSection(ProjectConfigurationPlatforms) = postSolution
		{395575AF-CD5E-89E2-8B74-341DDAC1FDBE}.Debug|Any CPU.ActiveCfg = Debug|Any CPU
		{395575AF-CD5E-89E2-8B74-341DDAC1FDBE}.Debug|Any CPU.Build.0 = Debug|Any CPU
		{395575AF-CD5E-89E2-8B74-341DDAC1FDBE}.Release|Any CPU.ActiveCfg = Release|Any CPU
		{395575AF-CD5E-89E2-8B74-341DDAC1FDBE}.Release|Any CPU.Build.0 = Release|Any CPU
		{2B26C169-1565-9D67-A3F7-B2DA7C157089}.Debug|Any CPU.ActiveCfg = Debug|Any CPU
		{2B26C169-1565-9D67-A3F7-B2DA7C157089}.Debug|Any CPU.Build.0 = Debug|Any CPU
		{2B26C169-1565-9D67-A3F7-B2DA7C157089}.Release|Any CPU.ActiveCfg = Release|Any CPU
		{2B26C169-1565-9D67-A3F7-B2DA7C157089}.Release|Any CPU.Build.0 = Release|Any CPU
		{11C1DF62-7231-E71B-3015-DB84BC08708B}.Debug|Any CPU.ActiveCfg = Debug|Any CPU
		{11C1DF62-7231-E71B-3015-DB84BC08708B}.Debug|Any CPU.Build.0 = Debug|Any CPU
		{11C1DF62-7231-E71B-3015-DB84BC08708B}.Release|Any CPU.ActiveCfg = Release|Any CPU
		{11C1DF62-7231-E71B-3015-DB84BC08708B}.Release|Any CPU.Build.0 = Release|Any CPU
		{AE6D912E-5D75-CFB0-D598-17697DA0569D}.Debug|Any CPU.ActiveCfg = Debug|Any CPU
		{AE6D912E-5D75-CFB0-D598-17697DA0569D}.Debug|Any CPU.Build.0 = Debug|Any CPU
		{AE6D912E-5D75-CFB0-D598-17697DA0569D}.Release|Any CPU.ActiveCfg = Release|Any CPU
		{AE6D912E-5D75-CFB0-D598-17697DA0569D}.Release|Any CPU.Build.0 = Release|Any CPU
		{B07D4E68-74A5-91E0-1AAE-04B60DCB29DE}.Debug|Any CPU.ActiveCfg = Debug|Any CPU
		{B07D4E68-74A5-91E0-1AAE-04B60DCB29DE}.Debug|Any CPU.Build.0 = Debug|Any CPU
		{B07D4E68-74A5-91E0-1AAE-04B60DCB29DE}.Release|Any CPU.ActiveCfg = Release|Any CPU
		{B07D4E68-74A5-91E0-1AAE-04B60DCB29DE}.Release|Any CPU.Build.0 = Release|Any CPU
		{AADAE886-C5C9-C44C-D825-09D2250E33F5}.Debug|Any CPU.ActiveCfg = Debug|Any CPU
		{AADAE886-C5C9-C44C-D825-09D2250E33F5}.Debug|Any CPU.Build.0 = Debug|Any CPU
		{AADAE886-C5C9-C44C-D825-09D2250E33F5}.Release|Any CPU.ActiveCfg = Release|Any CPU
		{AADAE886-C5C9-C44C-D825-09D2250E33F5}.Release|Any CPU.Build.0 = Release|Any CPU
		{BDBC8401-6339-EC3E-2C4E-30B5B6121A5A}.Debug|Any CPU.ActiveCfg = Debug|Any CPU
		{BDBC8401-6339-EC3E-2C4E-30B5B6121A5A}.Debug|Any CPU.Build.0 = Debug|Any CPU
		{BDBC8401-6339-EC3E-2C4E-30B5B6121A5A}.Release|Any CPU.ActiveCfg = Release|Any CPU
		{BDBC8401-6339-EC3E-2C4E-30B5B6121A5A}.Release|Any CPU.Build.0 = Release|Any CPU
		{E415457E-BDCD-FCF6-A0B2-F11A6A3DEBFE}.Debug|Any CPU.ActiveCfg = Debug|Any CPU
		{E415457E-BDCD-FCF6-A0B2-F11A6A3DEBFE}.Debug|Any CPU.Build.0 = Debug|Any CPU
		{E415457E-BDCD-FCF6-A0B2-F11A6A3DEBFE}.Release|Any CPU.ActiveCfg = Release|Any CPU
		{E415457E-BDCD-FCF6-A0B2-F11A6A3DEBFE}.Release|Any CPU.Build.0 = Release|Any CPU
		{F22C07D8-CBCA-8EF3-F4B4-0F941E2DC60E}.Debug|Any CPU.ActiveCfg = Debug|Any CPU
		{F22C07D8-CBCA-8EF3-F4B4-0F941E2DC60E}.Debug|Any CPU.Build.0 = Debug|Any CPU
		{F22C07D8-CBCA-8EF3-F4B4-0F941E2DC60E}.Release|Any CPU.ActiveCfg = Release|Any CPU
		{F22C07D8-CBCA-8EF3-F4B4-0F941E2DC60E}.Release|Any CPU.Build.0 = Release|Any CPU
		{1E23BDBE-9732-974B-E3BB-7155AFB575B2}.Debug|Any CPU.ActiveCfg = Debug|Any CPU
		{1E23BDBE-9732-974B-E3BB-7155AFB575B2}.Debug|Any CPU.Build.0 = Debug|Any CPU
		{1E23BDBE-9732-974B-E3BB-7155AFB575B2}.Release|Any CPU.ActiveCfg = Release|Any CPU
		{1E23BDBE-9732-974B-E3BB-7155AFB575B2}.Release|Any CPU.Build.0 = Release|Any CPU
		{44715B77-95DA-930C-F467-15387FFF92AF}.Debug|Any CPU.ActiveCfg = Debug|Any CPU
		{44715B77-95DA-930C-F467-15387FFF92AF}.Debug|Any CPU.Build.0 = Debug|Any CPU
		{44715B77-95DA-930C-F467-15387FFF92AF}.Release|Any CPU.ActiveCfg = Release|Any CPU
		{44715B77-95DA-930C-F467-15387FFF92AF}.Release|Any CPU.Build.0 = Release|Any CPU
		{11E246E5-EC56-E163-B0C6-1728F599E966}.Debug|Any CPU.ActiveCfg = Debug|Any CPU
		{11E246E5-EC56-E163-B0C6-1728F599E966}.Debug|Any CPU.Build.0 = Debug|Any CPU
		{11E246E5-EC56-E163-B0C6-1728F599E966}.Release|Any CPU.ActiveCfg = Release|Any CPU
		{11E246E5-EC56-E163-B0C6-1728F599E966}.Release|Any CPU.Build.0 = Release|Any CPU
		{63FEDBF2-13F9-AC4F-97A0-162AE9EAB6AD}.Debug|Any CPU.ActiveCfg = Debug|Any CPU
		{63FEDBF2-13F9-AC4F-97A0-162AE9EAB6AD}.Debug|Any CPU.Build.0 = Debug|Any CPU
		{63FEDBF2-13F9-AC4F-97A0-162AE9EAB6AD}.Release|Any CPU.ActiveCfg = Release|Any CPU
		{63FEDBF2-13F9-AC4F-97A0-162AE9EAB6AD}.Release|Any CPU.Build.0 = Release|Any CPU
		{83E17663-AA3D-C37D-DB96-CA792656B5CF}.Debug|Any CPU.ActiveCfg = Debug|Any CPU
		{83E17663-AA3D-C37D-DB96-CA792656B5CF}.Debug|Any CPU.Build.0 = Debug|Any CPU
		{83E17663-AA3D-C37D-DB96-CA792656B5CF}.Release|Any CPU.ActiveCfg = Release|Any CPU
		{83E17663-AA3D-C37D-DB96-CA792656B5CF}.Release|Any CPU.Build.0 = Release|Any CPU
		{F8F0B4F3-81D2-9B11-72A4-B548741F97FC}.Debug|Any CPU.ActiveCfg = Debug|Any CPU
		{F8F0B4F3-81D2-9B11-72A4-B548741F97FC}.Debug|Any CPU.Build.0 = Debug|Any CPU
		{F8F0B4F3-81D2-9B11-72A4-B548741F97FC}.Release|Any CPU.ActiveCfg = Release|Any CPU
		{F8F0B4F3-81D2-9B11-72A4-B548741F97FC}.Release|Any CPU.Build.0 = Release|Any CPU
		{8193DF94-0949-1596-FB33-EBCA29AB1445}.Debug|Any CPU.ActiveCfg = Debug|Any CPU
		{8193DF94-0949-1596-FB33-EBCA29AB1445}.Debug|Any CPU.Build.0 = Debug|Any CPU
		{8193DF94-0949-1596-FB33-EBCA29AB1445}.Release|Any CPU.ActiveCfg = Release|Any CPU
		{8193DF94-0949-1596-FB33-EBCA29AB1445}.Release|Any CPU.Build.0 = Release|Any CPU
		{E74824DC-64B1-6678-3D2A-072E71ED3F89}.Debug|Any CPU.ActiveCfg = Debug|Any CPU
		{E74824DC-64B1-6678-3D2A-072E71ED3F89}.Debug|Any CPU.Build.0 = Debug|Any CPU
		{E74824DC-64B1-6678-3D2A-072E71ED3F89}.Release|Any CPU.ActiveCfg = Release|Any CPU
		{E74824DC-64B1-6678-3D2A-072E71ED3F89}.Release|Any CPU.Build.0 = Release|Any CPU
		{945C707C-F065-3A9C-CC53-336E0AAF3064}.Debug|Any CPU.ActiveCfg = Debug|Any CPU
		{945C707C-F065-3A9C-CC53-336E0AAF3064}.Debug|Any CPU.Build.0 = Debug|Any CPU
		{945C707C-F065-3A9C-CC53-336E0AAF3064}.Release|Any CPU.ActiveCfg = Release|Any CPU
		{945C707C-F065-3A9C-CC53-336E0AAF3064}.Release|Any CPU.Build.0 = Release|Any CPU
		{BC9C144A-210A-3829-31AB-6DC5A7C074C7}.Debug|Any CPU.ActiveCfg = Debug|Any CPU
		{BC9C144A-210A-3829-31AB-6DC5A7C074C7}.Debug|Any CPU.Build.0 = Debug|Any CPU
		{BC9C144A-210A-3829-31AB-6DC5A7C074C7}.Release|Any CPU.ActiveCfg = Release|Any CPU
		{BC9C144A-210A-3829-31AB-6DC5A7C074C7}.Release|Any CPU.Build.0 = Release|Any CPU
		{FF33280D-EEC4-3824-7F56-8F03D441DCE4}.Debug|Any CPU.ActiveCfg = Debug|Any CPU
		{FF33280D-EEC4-3824-7F56-8F03D441DCE4}.Debug|Any CPU.Build.0 = Debug|Any CPU
		{FF33280D-EEC4-3824-7F56-8F03D441DCE4}.Release|Any CPU.ActiveCfg = Release|Any CPU
		{FF33280D-EEC4-3824-7F56-8F03D441DCE4}.Release|Any CPU.Build.0 = Release|Any CPU
		{23AA8E4B-6310-59C8-C50D-418EF02C1873}.Debug|Any CPU.ActiveCfg = Debug|Any CPU
		{23AA8E4B-6310-59C8-C50D-418EF02C1873}.Debug|Any CPU.Build.0 = Debug|Any CPU
		{23AA8E4B-6310-59C8-C50D-418EF02C1873}.Release|Any CPU.ActiveCfg = Release|Any CPU
		{23AA8E4B-6310-59C8-C50D-418EF02C1873}.Release|Any CPU.Build.0 = Release|Any CPU
		{6AE30ACC-0129-E6CA-CA3A-06FC91310E80}.Debug|Any CPU.ActiveCfg = Debug|Any CPU
		{6AE30ACC-0129-E6CA-CA3A-06FC91310E80}.Debug|Any CPU.Build.0 = Debug|Any CPU
		{6AE30ACC-0129-E6CA-CA3A-06FC91310E80}.Release|Any CPU.ActiveCfg = Release|Any CPU
		{6AE30ACC-0129-E6CA-CA3A-06FC91310E80}.Release|Any CPU.Build.0 = Release|Any CPU
		{28EE5857-F71A-8A0B-1EE1-D1E5B63D46F1}.Debug|Any CPU.ActiveCfg = Debug|Any CPU
		{28EE5857-F71A-8A0B-1EE1-D1E5B63D46F1}.Debug|Any CPU.Build.0 = Debug|Any CPU
		{28EE5857-F71A-8A0B-1EE1-D1E5B63D46F1}.Release|Any CPU.ActiveCfg = Release|Any CPU
		{28EE5857-F71A-8A0B-1EE1-D1E5B63D46F1}.Release|Any CPU.Build.0 = Release|Any CPU
		{A77E5A11-D519-585C-A3D1-25AD89ABE59F}.Debug|Any CPU.ActiveCfg = Debug|Any CPU
		{A77E5A11-D519-585C-A3D1-25AD89ABE59F}.Debug|Any CPU.Build.0 = Debug|Any CPU
		{A77E5A11-D519-585C-A3D1-25AD89ABE59F}.Release|Any CPU.ActiveCfg = Release|Any CPU
		{A77E5A11-D519-585C-A3D1-25AD89ABE59F}.Release|Any CPU.Build.0 = Release|Any CPU
		{6DEBCEE7-8BA3-3CE7-5293-C4AADC864199}.Debug|Any CPU.ActiveCfg = Debug|Any CPU
		{6DEBCEE7-8BA3-3CE7-5293-C4AADC864199}.Debug|Any CPU.Build.0 = Debug|Any CPU
		{6DEBCEE7-8BA3-3CE7-5293-C4AADC864199}.Release|Any CPU.ActiveCfg = Release|Any CPU
		{6DEBCEE7-8BA3-3CE7-5293-C4AADC864199}.Release|Any CPU.Build.0 = Release|Any CPU
		{920C5871-AD62-103D-0F60-DE787CAF4B25}.Debug|Any CPU.ActiveCfg = Debug|Any CPU
		{920C5871-AD62-103D-0F60-DE787CAF4B25}.Debug|Any CPU.Build.0 = Debug|Any CPU
		{920C5871-AD62-103D-0F60-DE787CAF4B25}.Release|Any CPU.ActiveCfg = Release|Any CPU
		{920C5871-AD62-103D-0F60-DE787CAF4B25}.Release|Any CPU.Build.0 = Release|Any CPU
		{7F397387-29A7-301B-2D5F-1D9FE845BA3C}.Debug|Any CPU.ActiveCfg = Debug|Any CPU
		{7F397387-29A7-301B-2D5F-1D9FE845BA3C}.Debug|Any CPU.Build.0 = Debug|Any CPU
		{7F397387-29A7-301B-2D5F-1D9FE845BA3C}.Release|Any CPU.ActiveCfg = Release|Any CPU
		{7F397387-29A7-301B-2D5F-1D9FE845BA3C}.Release|Any CPU.Build.0 = Release|Any CPU
		{B4BA02A5-C5E1-A37D-CECD-E6C044EC40B5}.Debug|Any CPU.ActiveCfg = Debug|Any CPU
		{B4BA02A5-C5E1-A37D-CECD-E6C044EC40B5}.Debug|Any CPU.Build.0 = Debug|Any CPU
		{B4BA02A5-C5E1-A37D-CECD-E6C044EC40B5}.Release|Any CPU.ActiveCfg = Release|Any CPU
		{B4BA02A5-C5E1-A37D-CECD-E6C044EC40B5}.Release|Any CPU.Build.0 = Release|Any CPU
		{501F6695-9588-3F83-914C-5C401E88A218}.Debug|Any CPU.ActiveCfg = Debug|Any CPU
		{501F6695-9588-3F83-914C-5C401E88A218}.Debug|Any CPU.Build.0 = Debug|Any CPU
		{501F6695-9588-3F83-914C-5C401E88A218}.Release|Any CPU.ActiveCfg = Release|Any CPU
		{501F6695-9588-3F83-914C-5C401E88A218}.Release|Any CPU.Build.0 = Release|Any CPU
		{2B8AD1BB-012F-2917-C9BD-32AB255A02B6}.Debug|Any CPU.ActiveCfg = Debug|Any CPU
		{2B8AD1BB-012F-2917-C9BD-32AB255A02B6}.Debug|Any CPU.Build.0 = Debug|Any CPU
		{2B8AD1BB-012F-2917-C9BD-32AB255A02B6}.Release|Any CPU.ActiveCfg = Release|Any CPU
		{2B8AD1BB-012F-2917-C9BD-32AB255A02B6}.Release|Any CPU.Build.0 = Release|Any CPU
		{6F01CF30-E973-F79B-93DA-0F8C571ECB40}.Debug|Any CPU.ActiveCfg = Debug|Any CPU
		{6F01CF30-E973-F79B-93DA-0F8C571ECB40}.Debug|Any CPU.Build.0 = Debug|Any CPU
		{6F01CF30-E973-F79B-93DA-0F8C571ECB40}.Release|Any CPU.ActiveCfg = Release|Any CPU
		{6F01CF30-E973-F79B-93DA-0F8C571ECB40}.Release|Any CPU.Build.0 = Release|Any CPU
		{9079AC1A-B8E0-FDFB-2329-7E3751888521}.Debug|Any CPU.ActiveCfg = Debug|Any CPU
		{9079AC1A-B8E0-FDFB-2329-7E3751888521}.Debug|Any CPU.Build.0 = Debug|Any CPU
		{9079AC1A-B8E0-FDFB-2329-7E3751888521}.Release|Any CPU.ActiveCfg = Release|Any CPU
		{9079AC1A-B8E0-FDFB-2329-7E3751888521}.Release|Any CPU.Build.0 = Release|Any CPU
		{43EF419B-2105-9B4D-84F1-702C4FE5BBDF}.Debug|Any CPU.ActiveCfg = Debug|Any CPU
		{43EF419B-2105-9B4D-84F1-702C4FE5BBDF}.Debug|Any CPU.Build.0 = Debug|Any CPU
		{43EF419B-2105-9B4D-84F1-702C4FE5BBDF}.Release|Any CPU.ActiveCfg = Release|Any CPU
		{43EF419B-2105-9B4D-84F1-702C4FE5BBDF}.Release|Any CPU.Build.0 = Release|Any CPU
		{F13A3021-6729-9880-2B7D-841824B346D5}.Debug|Any CPU.ActiveCfg = Debug|Any CPU
		{F13A3021-6729-9880-2B7D-841824B346D5}.Debug|Any CPU.Build.0 = Debug|Any CPU
		{F13A3021-6729-9880-2B7D-841824B346D5}.Release|Any CPU.ActiveCfg = Release|Any CPU
		{F13A3021-6729-9880-2B7D-841824B346D5}.Release|Any CPU.Build.0 = Release|Any CPU
		{2D5AA9CF-3F20-C195-26A9-B9BDE3D11195}.Debug|Any CPU.ActiveCfg = Debug|Any CPU
		{2D5AA9CF-3F20-C195-26A9-B9BDE3D11195}.Debug|Any CPU.Build.0 = Debug|Any CPU
		{2D5AA9CF-3F20-C195-26A9-B9BDE3D11195}.Release|Any CPU.ActiveCfg = Release|Any CPU
		{2D5AA9CF-3F20-C195-26A9-B9BDE3D11195}.Release|Any CPU.Build.0 = Release|Any CPU
		{7EDA782F-13FB-F078-23FE-0BF347E5F520}.Debug|Any CPU.ActiveCfg = Debug|Any CPU
		{7EDA782F-13FB-F078-23FE-0BF347E5F520}.Debug|Any CPU.Build.0 = Debug|Any CPU
		{7EDA782F-13FB-F078-23FE-0BF347E5F520}.Release|Any CPU.ActiveCfg = Release|Any CPU
		{7EDA782F-13FB-F078-23FE-0BF347E5F520}.Release|Any CPU.Build.0 = Release|Any CPU
		{5F14727B-6119-D143-6E5F-491BD6115024}.Debug|Any CPU.ActiveCfg = Debug|Any CPU
		{5F14727B-6119-D143-6E5F-491BD6115024}.Debug|Any CPU.Build.0 = Debug|Any CPU
		{5F14727B-6119-D143-6E5F-491BD6115024}.Release|Any CPU.ActiveCfg = Release|Any CPU
		{5F14727B-6119-D143-6E5F-491BD6115024}.Release|Any CPU.Build.0 = Release|Any CPU
		{E415425A-8A83-D6F9-5DE6-530FB23FE608}.Debug|Any CPU.ActiveCfg = Debug|Any CPU
		{E415425A-8A83-D6F9-5DE6-530FB23FE608}.Debug|Any CPU.Build.0 = Debug|Any CPU
		{E415425A-8A83-D6F9-5DE6-530FB23FE608}.Release|Any CPU.ActiveCfg = Release|Any CPU
		{E415425A-8A83-D6F9-5DE6-530FB23FE608}.Release|Any CPU.Build.0 = Release|Any CPU
		{73E396E8-77A6-7D05-7941-0CA8845F3217}.Debug|Any CPU.ActiveCfg = Debug|Any CPU
		{73E396E8-77A6-7D05-7941-0CA8845F3217}.Debug|Any CPU.Build.0 = Debug|Any CPU
		{73E396E8-77A6-7D05-7941-0CA8845F3217}.Release|Any CPU.ActiveCfg = Release|Any CPU
		{73E396E8-77A6-7D05-7941-0CA8845F3217}.Release|Any CPU.Build.0 = Release|Any CPU
		{0B2628BE-802E-E427-FA83-ED0E9B3C538B}.Debug|Any CPU.ActiveCfg = Debug|Any CPU
		{0B2628BE-802E-E427-FA83-ED0E9B3C538B}.Debug|Any CPU.Build.0 = Debug|Any CPU
		{0B2628BE-802E-E427-FA83-ED0E9B3C538B}.Release|Any CPU.ActiveCfg = Release|Any CPU
		{0B2628BE-802E-E427-FA83-ED0E9B3C538B}.Release|Any CPU.Build.0 = Release|Any CPU
		{ECBA0BE5-E810-DAAC-D505-27F809D964F9}.Debug|Any CPU.ActiveCfg = Debug|Any CPU
		{ECBA0BE5-E810-DAAC-D505-27F809D964F9}.Debug|Any CPU.Build.0 = Debug|Any CPU
		{ECBA0BE5-E810-DAAC-D505-27F809D964F9}.Release|Any CPU.ActiveCfg = Release|Any CPU
		{ECBA0BE5-E810-DAAC-D505-27F809D964F9}.Release|Any CPU.Build.0 = Release|Any CPU
		{03CEF1C8-75AE-57E8-C8AD-2AAA1AB4F9E6}.Debug|Any CPU.ActiveCfg = Debug|Any CPU
		{03CEF1C8-75AE-57E8-C8AD-2AAA1AB4F9E6}.Debug|Any CPU.Build.0 = Debug|Any CPU
		{03CEF1C8-75AE-57E8-C8AD-2AAA1AB4F9E6}.Release|Any CPU.ActiveCfg = Release|Any CPU
		{03CEF1C8-75AE-57E8-C8AD-2AAA1AB4F9E6}.Release|Any CPU.Build.0 = Release|Any CPU
		{BF4423AF-C510-90CA-5680-0118F8DEDB02}.Debug|Any CPU.ActiveCfg = Debug|Any CPU
		{BF4423AF-C510-90CA-5680-0118F8DEDB02}.Debug|Any CPU.Build.0 = Debug|Any CPU
		{BF4423AF-C510-90CA-5680-0118F8DEDB02}.Release|Any CPU.ActiveCfg = Release|Any CPU
		{BF4423AF-C510-90CA-5680-0118F8DEDB02}.Release|Any CPU.Build.0 = Release|Any CPU
		{212023ED-1F21-D110-970E-AAD280F1AB5C}.Debug|Any CPU.ActiveCfg = Debug|Any CPU
		{212023ED-1F21-D110-970E-AAD280F1AB5C}.Debug|Any CPU.Build.0 = Debug|Any CPU
		{212023ED-1F21-D110-970E-AAD280F1AB5C}.Release|Any CPU.ActiveCfg = Release|Any CPU
		{212023ED-1F21-D110-970E-AAD280F1AB5C}.Release|Any CPU.Build.0 = Release|Any CPU
		{C3596450-07DA-F8EA-97E5-12B793B7B11C}.Debug|Any CPU.ActiveCfg = Debug|Any CPU
		{C3596450-07DA-F8EA-97E5-12B793B7B11C}.Debug|Any CPU.Build.0 = Debug|Any CPU
		{C3596450-07DA-F8EA-97E5-12B793B7B11C}.Release|Any CPU.ActiveCfg = Release|Any CPU
		{C3596450-07DA-F8EA-97E5-12B793B7B11C}.Release|Any CPU.Build.0 = Release|Any CPU
		{E0D3416D-B49E-BFA0-CA82-0365034DA9D7}.Debug|Any CPU.ActiveCfg = Debug|Any CPU
		{E0D3416D-B49E-BFA0-CA82-0365034DA9D7}.Debug|Any CPU.Build.0 = Debug|Any CPU
		{E0D3416D-B49E-BFA0-CA82-0365034DA9D7}.Release|Any CPU.ActiveCfg = Release|Any CPU
		{E0D3416D-B49E-BFA0-CA82-0365034DA9D7}.Release|Any CPU.Build.0 = Release|Any CPU
		{57620E16-307B-DF26-2F22-CCD33F0F9580}.Debug|Any CPU.ActiveCfg = Debug|Any CPU
		{57620E16-307B-DF26-2F22-CCD33F0F9580}.Debug|Any CPU.Build.0 = Debug|Any CPU
		{57620E16-307B-DF26-2F22-CCD33F0F9580}.Release|Any CPU.ActiveCfg = Release|Any CPU
		{57620E16-307B-DF26-2F22-CCD33F0F9580}.Release|Any CPU.Build.0 = Release|Any CPU
		{E393DDFD-F1CB-0908-4806-72EDB5946DAC}.Debug|Any CPU.ActiveCfg = Debug|Any CPU
		{E393DDFD-F1CB-0908-4806-72EDB5946DAC}.Debug|Any CPU.Build.0 = Debug|Any CPU
		{E393DDFD-F1CB-0908-4806-72EDB5946DAC}.Release|Any CPU.ActiveCfg = Release|Any CPU
		{E393DDFD-F1CB-0908-4806-72EDB5946DAC}.Release|Any CPU.Build.0 = Release|Any CPU
		{2EF14FB0-6D57-0632-FE97-6AFA14328A78}.Debug|Any CPU.ActiveCfg = Debug|Any CPU
		{2EF14FB0-6D57-0632-FE97-6AFA14328A78}.Debug|Any CPU.Build.0 = Debug|Any CPU
		{2EF14FB0-6D57-0632-FE97-6AFA14328A78}.Release|Any CPU.ActiveCfg = Release|Any CPU
		{2EF14FB0-6D57-0632-FE97-6AFA14328A78}.Release|Any CPU.Build.0 = Release|Any CPU
		{BB0E9CEB-E649-3737-7FA1-7330FE2093A8}.Debug|Any CPU.ActiveCfg = Debug|Any CPU
		{BB0E9CEB-E649-3737-7FA1-7330FE2093A8}.Debug|Any CPU.Build.0 = Debug|Any CPU
		{BB0E9CEB-E649-3737-7FA1-7330FE2093A8}.Release|Any CPU.ActiveCfg = Release|Any CPU
		{BB0E9CEB-E649-3737-7FA1-7330FE2093A8}.Release|Any CPU.Build.0 = Release|Any CPU
		{982E6202-BD4D-8C26-B9D3-9A3DB4E3E974}.Debug|Any CPU.ActiveCfg = Debug|Any CPU
		{982E6202-BD4D-8C26-B9D3-9A3DB4E3E974}.Debug|Any CPU.Build.0 = Debug|Any CPU
		{982E6202-BD4D-8C26-B9D3-9A3DB4E3E974}.Release|Any CPU.ActiveCfg = Release|Any CPU
		{982E6202-BD4D-8C26-B9D3-9A3DB4E3E974}.Release|Any CPU.Build.0 = Release|Any CPU
		{893323C5-9F04-7D36-DEC3-A13EA339DE4B}.Debug|Any CPU.ActiveCfg = Debug|Any CPU
		{893323C5-9F04-7D36-DEC3-A13EA339DE4B}.Debug|Any CPU.Build.0 = Debug|Any CPU
		{893323C5-9F04-7D36-DEC3-A13EA339DE4B}.Release|Any CPU.ActiveCfg = Release|Any CPU
		{893323C5-9F04-7D36-DEC3-A13EA339DE4B}.Release|Any CPU.Build.0 = Release|Any CPU
		{63A3EA55-5CF2-CD8A-55C6-B179FA916A76}.Debug|Any CPU.ActiveCfg = Debug|Any CPU
		{63A3EA55-5CF2-CD8A-55C6-B179FA916A76}.Debug|Any CPU.Build.0 = Debug|Any CPU
		{63A3EA55-5CF2-CD8A-55C6-B179FA916A76}.Release|Any CPU.ActiveCfg = Release|Any CPU
		{63A3EA55-5CF2-CD8A-55C6-B179FA916A76}.Release|Any CPU.Build.0 = Release|Any CPU
		{866E8923-F171-7B69-C1E6-158549A8F621}.Debug|Any CPU.ActiveCfg = Debug|Any CPU
		{866E8923-F171-7B69-C1E6-158549A8F621}.Debug|Any CPU.Build.0 = Debug|Any CPU
		{866E8923-F171-7B69-C1E6-158549A8F621}.Release|Any CPU.ActiveCfg = Release|Any CPU
		{866E8923-F171-7B69-C1E6-158549A8F621}.Release|Any CPU.Build.0 = Release|Any CPU
	EndGlobalSection
	GlobalSection(SolutionProperties) = preSolution
		HideSolutionNode = FALSE
	EndGlobalSection
EndGlobal
